{
  "name": "Clinical_System",
  "lockfileVersion": 3,
  "requires": true,
  "packages": {
    "": {
      "dependencies": {
        "@icongo/bi": "^1.1.2"
      }
    },
    "node_modules/@icongo/bi": {
      "version": "1.1.2",
      "resolved": "https://registry.npmjs.org/@icongo/bi/-/bi-1.1.2.tgz",
      "integrity": "sha512-oRx0JThMXg28D7XNVaLSFK3F49jNqk9E1lO2BpUBq8riHufNecmaD/8z2H7krFmxxWIXUjz3mpPxtnsf1C6vDQ=="
    }
  }
}
